
Microsoft Visual Studio Solution File, Format Version 12.00
Project("{2150E333-8FDC-42A3-9474-1A3956D46DE8}") = "src", "src", "{999CC7AC-5A43-4472-ACC4-5F1EC542FD1D}"
EndProject
Project("{2150E333-8FDC-42A3-9474-1A3956D46DE8}") = "tests", "tests", "{D5930570-9CDC-4D85-9FC7-1520512ADFB2}"
EndProject
Project("{FAE04EC0-301F-11D3-BF4B-00C04F79EFBC}") = "Timespace.Api", "Timespace.Api\Timespace.Api.csproj", "{78AA330D-83F2-4FCB-9A0D-51376CC3B100}"
EndProject
Project("{FAE04EC0-301F-11D3-BF4B-00C04F79EFBC}") = "Timespace.UnitTests", "Timespace.UnitTests\Timespace.UnitTests.csproj", "{C624DB61-AF4C-44C5-B44F-F1A921DAB359}"
EndProject
Project("{FAE04EC0-301F-11D3-BF4B-00C04F79EFBC}") = "Timespace.IntegrationTests", "Timespace.IntegrationTests\Timespace.IntegrationTests.csproj", "{8327EC82-A951-4C12-A9AB-82CE39FB55E0}"
EndProject
Project("{FAE04EC0-301F-11D3-BF4B-00C04F79EFBC}") = "Timespace.SourceGenerators", "Timespace.SourceGenerators\Timespace.SourceGenerators.csproj", "{7A27ECDF-5D03-476E-AA3B-92E184306C6D}"
EndProject
Project("{FAE04EC0-301F-11D3-BF4B-00C04F79EFBC}") = "Timespace.SourceGenerators.Tests", "Timespace.SourceGenerators.Tests\Timespace.SourceGenerators.Tests.csproj", "{F977EE1F-A96C-498E-82B6-1751F3F10BD4}"
EndProject
Global
	GlobalSection(SolutionConfigurationPlatforms) = preSolution
		Debug|Any CPU = Debug|Any CPU
		Release|Any CPU = Release|Any CPU
	EndGlobalSection
	GlobalSection(NestedProjects) = preSolution
		{78AA330D-83F2-4FCB-9A0D-51376CC3B100} = {999CC7AC-5A43-4472-ACC4-5F1EC542FD1D}
		{C624DB61-AF4C-44C5-B44F-F1A921DAB359} = {D5930570-9CDC-4D85-9FC7-1520512ADFB2}
		{8327EC82-A951-4C12-A9AB-82CE39FB55E0} = {D5930570-9CDC-4D85-9FC7-1520512ADFB2}
		{7A27ECDF-5D03-476E-AA3B-92E184306C6D} = {999CC7AC-5A43-4472-ACC4-5F1EC542FD1D}
		{F977EE1F-A96C-498E-82B6-1751F3F10BD4} = {999CC7AC-5A43-4472-ACC4-5F1EC542FD1D}
	EndGlobalSection
	GlobalSection(ProjectConfigurationPlatforms) = postSolution
		{78AA330D-83F2-4FCB-9A0D-51376CC3B100}.Debug|Any CPU.ActiveCfg = Debug|Any CPU
		{78AA330D-83F2-4FCB-9A0D-51376CC3B100}.Debug|Any CPU.Build.0 = Debug|Any CPU
		{78AA330D-83F2-4FCB-9A0D-51376CC3B100}.Release|Any CPU.ActiveCfg = Release|Any CPU
		{78AA330D-83F2-4FCB-9A0D-51376CC3B100}.Release|Any CPU.Build.0 = Release|Any CPU
		{C624DB61-AF4C-44C5-B44F-F1A921DAB359}.Debug|Any CPU.ActiveCfg = Debug|Any CPU
		{C624DB61-AF4C-44C5-B44F-F1A921DAB359}.Debug|Any CPU.Build.0 = Debug|Any CPU
		{C624DB61-AF4C-44C5-B44F-F1A921DAB359}.Release|Any CPU.ActiveCfg = Release|Any CPU
		{C624DB61-AF4C-44C5-B44F-F1A921DAB359}.Release|Any CPU.Build.0 = Release|Any CPU
		{8327EC82-A951-4C12-A9AB-82CE39FB55E0}.Debug|Any CPU.ActiveCfg = Debug|Any CPU
		{8327EC82-A951-4C12-A9AB-82CE39FB55E0}.Debug|Any CPU.Build.0 = Debug|Any CPU
		{8327EC82-A951-4C12-A9AB-82CE39FB55E0}.Release|Any CPU.ActiveCfg = Release|Any CPU
		{8327EC82-A951-4C12-A9AB-82CE39FB55E0}.Release|Any CPU.Build.0 = Release|Any CPU
		{7A27ECDF-5D03-476E-AA3B-92E184306C6D}.Debug|Any CPU.ActiveCfg = Debug|Any CPU
		{7A27ECDF-5D03-476E-AA3B-92E184306C6D}.Debug|Any CPU.Build.0 = Debug|Any CPU
		{7A27ECDF-5D03-476E-AA3B-92E184306C6D}.Release|Any CPU.ActiveCfg = Release|Any CPU
		{7A27ECDF-5D03-476E-AA3B-92E184306C6D}.Release|Any CPU.Build.0 = Release|Any CPU
		{F977EE1F-A96C-498E-82B6-1751F3F10BD4}.Debug|Any CPU.ActiveCfg = Debug|Any CPU
		{F977EE1F-A96C-498E-82B6-1751F3F10BD4}.Debug|Any CPU.Build.0 = Debug|Any CPU
		{F977EE1F-A96C-498E-82B6-1751F3F10BD4}.Release|Any CPU.ActiveCfg = Release|Any CPU
		{F977EE1F-A96C-498E-82B6-1751F3F10BD4}.Release|Any CPU.Build.0 = Release|Any CPU
	EndGlobalSection
EndGlobal
